{
  "object": {
    "pins": [
      {
        "package": "LaunchDarkly",
        "repositoryURL": "https://github.com/launchdarkly/ios-client-sdk.git",
        "state": {
          "branch": null,
          "revision": "8ceaa14005dc5879f1b67029010353d378366e02",
          "version": "7.1.0"
        }
      },
      {
        "package": "LDSwiftEventSource",
        "repositoryURL": "https://github.com/LaunchDarkly/swift-eventsource.git",
        "state": {
          "branch": null,
          "revision": "aa03131eb30bbc35513153609ed65209853603a7",
          "version": "3.0.0"
        }
      }
    ]
  },
  "version": 1
}
